
Microsoft Visual Studio Solution File, Format Version 12.00
# Visual Studio Version 17
VisualStudioVersion = 17.5.002.0
MinimumVisualStudioVersion = 10.0.40219.1
Project("{9A19103F-16F7-4668-BE54-9A1E7A4F7556}") = "Exercise-2", "Exercise-2.csproj", "{9006DC7E-487B-4DFF-9657-D62930CF6016}"
EndProject
Global
	GlobalSection(SolutionConfigurationPlatforms) = preSolution
		Debug|Any CPU = Debug|Any CPU
		Release|Any CPU = Release|Any CPU
	EndGlobalSection
	GlobalSection(ProjectConfigurationPlatforms) = postSolution
		{9006DC7E-487B-4DFF-9657-D62930CF6016}.Debug|Any CPU.ActiveCfg = Debug|Any CPU
		{9006DC7E-487B-4DFF-9657-D62930CF6016}.Debug|Any CPU.Build.0 = Debug|Any CPU
		{9006DC7E-487B-4DFF-9657-D62930CF6016}.Release|Any CPU.ActiveCfg = Release|Any CPU
		{9006DC7E-487B-4DFF-9657-D62930CF6016}.Release|Any CPU.Build.0 = Release|Any CPU
	EndGlobalSection
	GlobalSection(SolutionProperties) = preSolution
		HideSolutionNode = FALSE
	EndGlobalSection
	GlobalSection(ExtensibilityGlobals) = postSolution
		SolutionGuid = {9DE825CD-E547-435A-BB74-E2A43A6A7F5F}
	EndGlobalSection
EndGlobal
